{
  "version": 4,
  "terraform_version": "1.10.4",
  "serial": 136,
  "lineage": "870f3cea-7daf-54d4-e8e7-7d39e379f6b4",
  "outputs": {
    "RDI_vm_output": {
      "value": {
        "0": {
          "external_ip": "34.47.189.214",
          "vm_name": "abhi-rdi-vm-0"
        }
      },
      "type": [
        "object",
        {
          "0": [
            "object",
            {
              "external_ip": "string",
              "vm_name": "string"
            }
          ]
        }
      ]
    }
  },
  "resources": [
    {
      "mode": "managed",
      "type": "google_compute_address",
      "name": "rdi_static_ips",
      "provider": "provider[\"registry.terraform.io/hashicorp/google\"]",
      "instances": [
        {
          "index_key": 0,
          "schema_version": 0,
          "attributes": {
            "address": "34.47.189.214",
            "address_type": "EXTERNAL",
            "creation_timestamp": "2025-10-26T13:04:03.111-07:00",
            "description": "",
            "effective_labels": {
              "goog-terraform-provisioned": "true"
            },
            "id": "projects/central-beach-194106/regions/asia-south1/addresses/abhi-rdi-0-static-ip",
            "ip_version": "",
            "ipv6_endpoint_type": "",
            "label_fingerprint": "vezUS-42LLM=",
            "labels": null,
            "name": "abhi-rdi-0-static-ip",
            "network": "",
            "network_tier": "PREMIUM",
            "prefix_length": 0,
            "project": "central-beach-194106",
            "purpose": "",
            "region": "asia-south1",
            "self_link": "https://www.googleapis.com/compute/v1/projects/central-beach-194106/regions/asia-south1/addresses/abhi-rdi-0-static-ip",
            "subnetwork": "",
            "terraform_labels": {
              "goog-terraform-provisioned": "true"
            },
            "timeouts": null,
            "users": []
          },
          "sensitive_attributes": [],
          "private": "eyJlMmJmYjczMC1lY2FhLTExZTYtOGY4OC0zNDM2M2JjN2M0YzAiOnsiY3JlYXRlIjoxMjAwMDAwMDAwMDAwLCJkZWxldGUiOjEyMDAwMDAwMDAwMDAsInVwZGF0ZSI6MTIwMDAwMDAwMDAwMH19"
        }
      ]
    },
    {
      "mode": "managed",
      "type": "google_compute_firewall",
      "name": "tcp_firewall",
      "provider": "provider[\"registry.terraform.io/hashicorp/google\"]",
      "instances": [
        {
          "schema_version": 1,
          "attributes": {
            "allow": [
              {
                "ports": [
                  "22",
                  "443"
                ],
                "protocol": "tcp"
              }
            ],
            "creation_timestamp": "2025-10-26T13:04:15.501-07:00",
            "deny": [],
            "description": "",
            "destination_ranges": [],
            "direction": "INGRESS",
            "disabled": false,
            "enable_logging": null,
            "id": "projects/central-beach-194106/global/firewalls/abhi-rdi-tcp-firewall",
            "log_config": [],
            "name": "abhi-rdi-tcp-firewall",
            "network": "https://www.googleapis.com/compute/v1/projects/central-beach-194106/global/networks/abhi-rdi-vpc",
            "params": [],
            "priority": 1000,
            "project": "central-beach-194106",
            "self_link": "https://www.googleapis.com/compute/v1/projects/central-beach-194106/global/firewalls/abhi-rdi-tcp-firewall",
            "source_ranges": [
              "0.0.0.0/0"
            ],
            "source_service_accounts": null,
            "source_tags": null,
            "target_service_accounts": null,
            "target_tags": null,
            "timeouts": null
          },
          "sensitive_attributes": [],
          "private": "eyJlMmJmYjczMC1lY2FhLTExZTYtOGY4OC0zNDM2M2JjN2M0YzAiOnsiY3JlYXRlIjoxMjAwMDAwMDAwMDAwLCJkZWxldGUiOjEyMDAwMDAwMDAwMDAsInVwZGF0ZSI6MTIwMDAwMDAwMDAwMH0sInNjaGVtYV92ZXJzaW9uIjoiMSJ9",
          "dependencies": [
            "google_compute_network.vpc"
          ]
        }
      ]
    },
    {
      "mode": "managed",
      "type": "google_compute_instance",
      "name": "rdi_instances",
      "provider": "provider[\"registry.terraform.io/hashicorp/google\"]",
      "instances": [
        {
          "index_key": 0,
          "schema_version": 6,
          "attributes": {
            "advanced_machine_features": [],
            "allow_stopping_for_update": null,
            "attached_disk": [],
            "boot_disk": [
              {
                "auto_delete": true,
                "device_name": "persistent-disk-0",
                "disk_encryption_key_raw": "",
                "disk_encryption_key_rsa": "",
                "disk_encryption_key_sha256": "",
                "disk_encryption_service_account": "",
                "force_attach": false,
                "guest_os_features": [
                  "UEFI_COMPATIBLE",
                  "VIRTIO_SCSI_MULTIQUEUE",
                  "SEV_CAPABLE",
                  "SEV_SNP_CAPABLE",
                  "SEV_LIVE_MIGRATABLE",
                  "SEV_LIVE_MIGRATABLE_V2",
                  "GVNIC",
                  "IDPF",
                  "TDX_CAPABLE"
                ],
                "initialize_params": [
                  {
                    "architecture": "X86_64",
                    "enable_confidential_compute": false,
                    "image": "https://www.googleapis.com/compute/v1/projects/rhel-cloud/global/images/rhel-9-v20250212",
                    "labels": {},
                    "provisioned_iops": 0,
                    "provisioned_throughput": 0,
                    "resource_manager_tags": null,
                    "resource_policies": [],
                    "size": 80,
                    "snapshot": "",
                    "source_image_encryption_key": [],
                    "source_snapshot_encryption_key": [],
                    "storage_pool": "",
                    "type": "pd-balanced"
                  }
                ],
                "interface": "",
                "kms_key_self_link": "",
                "mode": "READ_WRITE",
                "source": "https://www.googleapis.com/compute/v1/projects/central-beach-194106/zones/asia-south1-a/disks/abhi-rdi-vm-0"
              }
            ],
            "can_ip_forward": false,
            "confidential_instance_config": [],
            "cpu_platform": "Intel Cascade Lake",
            "creation_timestamp": "2025-10-26T13:04:50.905-07:00",
            "current_status": "RUNNING",
            "deletion_protection": false,
            "description": "",
            "desired_status": null,
            "effective_labels": {
              "goog-terraform-provisioned": "true"
            },
            "enable_display": false,
            "guest_accelerator": [],
            "hostname": "abhi-rdi-0-demo.redislabs.com",
            "id": "projects/central-beach-194106/zones/asia-south1-a/instances/abhi-rdi-vm-0",
            "instance_encryption_key": [],
            "instance_id": "7542317579651760141",
            "key_revocation_action_type": "",
            "label_fingerprint": "vezUS-42LLM=",
            "labels": null,
            "machine_type": "n2-standard-4",
            "metadata": {
              "startup-script": "#!/bin/bash\n\nlog_file=\"/rdi_installation.log\"\n\n# Function to log debugging variables\nlog_info() {\n  echo \"RDI rdi_db_index: 4\" \u003e\u003e ${log_file}\n  echo \"RDI DB Host: redis-15732.c48754.asia-south1-1.gcp.cloud.rlrcp.com\" \u003e\u003e ${log_file}\n  echo \"RDI DB Port: 15732\" \u003e\u003e ${log_file}\n  echo \"RDI DB Username: default\" \u003e\u003e ${log_file}\n  echo \"RDI DB Password: admin\" \u003e\u003e ${log_file}\n  echo \"RDI version: 1.15.0\" \u003e\u003e ${log_file}\n  echo \"IP: 34.47.189.214\" \u003e\u003e ${log_file}\n}\n\n\ndownload_rdi_package() {\n  echo \"Installing Redis CLI and download RDI package...\" \u003e\u003e ${log_file} \u0026\u0026 \\\n  sudo yum install -y wget dnsutils net-tools redis \u0026\u0026 \\\n  sudo wget -O \"/opt/rdi-installation-1.15.0.tar.gz\" \"https://qa-onprem.s3.amazonaws.com/redis-di/1.15.0/rdi-installation-1.15.0.tar.gz\" \u0026\u0026 \\\n  \n  echo \"Successfully downloaded RDI package\" \u003e\u003e ${log_file} \u0026\u0026 \\\n  sudo tar -xvf \"/opt/rdi-installation-1.15.0.tar.gz\" -C /opt \u0026\u0026 \\\n  cd \"/opt/rdi_install/1.15.0\" || { log \"Directory not found: /opt/rdi_install/1.15.0\"; exit 1; } \u0026\u0026 \\\n  check_tool redis-cli\n}\n\n\ncreate_rdi_config_file() {\n  config_file_path=\"/opt/silent.toml\"\n  echo \"Creating RDI configuration file at '${config_file_path}'...\" \u003e\u003e ${log_file}\n\n  # Write the TOML file\n  cat \u003c\u003cEOL \u003e \"${config_file_path}\"\ntitle = \"RDI Silent Installer Config\"\n\nscaffold = true\n# Integer to specify the source database type for scaffolding. The options are 2 (MySQL/MariaDB), 3 (Oracle), 4 (PostgreSQL), and 5 (SQL Server)\ndb_index = 4\ndeploy_directory = \"/opt/rdi/config\"\n\n# Needed if the installer detects a DNS resolver with a loopback address\n# as an upstream DNS server\nnameservers = [\"8.8.8.8\", \"8.8.4.4\"]\n\n[rdi.database]\nhost = \"redis-15732.c48754.asia-south1-1.gcp.cloud.rlrcp.com\"\nport = 15732\nusername = \"default\"\npassword = \"admin\"\nuse_existing_rdi = true\nssl = false\n\n# Uncomment the properties in this section only if the RDI\n# database uses TLS/mTLS.\n\n# [rdi.database.certificates]\n# ca = \"/home/ubuntu/rdi/certs/ca.crt\"\n# cert = \"/home/ubuntu/rdi/certs/client.crt\"\n# key = \"/home/ubuntu/rdi/certs/client.key\"\n# passphrase = \"foobar\"\nEOL\n\n  echo \"RDI configuration file created successfully at '${config_file_path}'.\" \u003e\u003e ${log_file}\n}\n\n\n# Function to install RDI\ninstall_rdi() {\n  echo \"Installing RDI...\" \u003e\u003e ${log_file} \u0026\u0026 \\\n  cd /opt/rdi_install/1.15.0 \u0026\u0026 \\\n  sudo ./install.sh --file /opt/silent.toml \u0026\u0026 \\\n  echo \"Installed RDI\" \u003e\u003e ${log_file} \u0026\u0026 \\\n#   if [ \"$(printf '%s\\n' \"1.15.0\" \"1.15.999\" | sort -V | head -n1)\" = \"1.15.0\" ]; then\n#     sudo ./install.sh --file /opt/silent.toml || {\n#         echo \"ERROR: RDI installer failed\" \u003e\u003e ${log_file}\n#         return 1\n#     }\n#   else\n#     echo \"RDI 1.15.0 no longer supports silent installation; please complete the installation following the latest RDI documentation.\" \u003e\u003e ${log_file}\n#   fi\n  rm -rf \"/opt/rdi-installation-1.15.0.tar.gz\" \u0026\u0026 \\\n  check_tool redis-di\n}\n\n\ncheck_tool() {\n  if command -v $1 \u003e/dev/null 2\u003e\u00261; then\n      tool_version=$($1 --version 2\u003e\u00261)\n      echo \"$1 is installed: $tool_version\" \u003e\u003e ${log_file}\n  else\n      echo \"$1 installation failed.\" \u003e\u003e ${log_file}\n  fi\n}\n\n# Main function\nmain() {\n  log_info\n  download_rdi_package\n  create_rdi_config_file\n  install_rdi\n}\n\n# Execute the main function\nmain"
            },
            "metadata_fingerprint": "3ly3nG2TkfY=",
            "metadata_startup_script": null,
            "min_cpu_platform": "",
            "name": "abhi-rdi-vm-0",
            "network_interface": [
              {
                "access_config": [
                  {
                    "nat_ip": "34.47.189.214",
                    "network_tier": "PREMIUM",
                    "public_ptr_domain_name": ""
                  }
                ],
                "alias_ip_range": [],
                "internal_ipv6_prefix_length": 0,
                "ipv6_access_config": [],
                "ipv6_access_type": "",
                "ipv6_address": "",
                "name": "nic0",
                "network": "https://www.googleapis.com/compute/v1/projects/central-beach-194106/global/networks/abhi-rdi-vpc",
                "network_attachment": "",
                "network_ip": "10.0.1.2",
                "nic_type": "",
                "queue_count": 0,
                "stack_type": "IPV4_ONLY",
                "subnetwork": "https://www.googleapis.com/compute/v1/projects/central-beach-194106/regions/asia-south1/subnetworks/abhi-rdi-subnet",
                "subnetwork_project": "central-beach-194106"
              }
            ],
            "network_performance_config": [],
            "params": [],
            "project": "central-beach-194106",
            "reservation_affinity": [],
            "resource_policies": null,
            "scheduling": [
              {
                "automatic_restart": true,
                "availability_domain": 0,
                "instance_termination_action": "",
                "local_ssd_recovery_timeout": [],
                "max_run_duration": [],
                "min_node_cpus": 0,
                "node_affinities": [],
                "on_host_maintenance": "MIGRATE",
                "on_instance_stop_action": [],
                "preemptible": false,
                "provisioning_model": "STANDARD",
                "termination_time": ""
              }
            ],
            "scratch_disk": [],
            "self_link": "https://www.googleapis.com/compute/v1/projects/central-beach-194106/zones/asia-south1-a/instances/abhi-rdi-vm-0",
            "service_account": [],
            "shielded_instance_config": [
              {
                "enable_integrity_monitoring": true,
                "enable_secure_boot": false,
                "enable_vtpm": true
              }
            ],
            "tags": null,
            "tags_fingerprint": "42WmSpB8rSM=",
            "terraform_labels": {
              "goog-terraform-provisioned": "true"
            },
            "timeouts": null,
            "zone": "asia-south1-a"
          },
          "sensitive_attributes": [
            [
              {
                "type": "get_attr",
                "value": "boot_disk"
              },
              {
                "type": "index",
                "value": {
                  "value": 0,
                  "type": "number"
                }
              },
              {
                "type": "get_attr",
                "value": "disk_encryption_key_raw"
              }
            ],
            [
              {
                "type": "get_attr",
                "value": "boot_disk"
              },
              {
                "type": "index",
                "value": {
                  "value": 0,
                  "type": "number"
                }
              },
              {
                "type": "get_attr",
                "value": "disk_encryption_key_rsa"
              }
            ]
          ],
          "private": "eyJlMmJmYjczMC1lY2FhLTExZTYtOGY4OC0zNDM2M2JjN2M0YzAiOnsiY3JlYXRlIjoxMjAwMDAwMDAwMDAwLCJkZWxldGUiOjEyMDAwMDAwMDAwMDAsInVwZGF0ZSI6MTIwMDAwMDAwMDAwMH0sInNjaGVtYV92ZXJzaW9uIjoiNiJ9",
          "dependencies": [
            "google_compute_address.rdi_static_ips",
            "google_compute_network.vpc",
            "google_compute_subnetwork.subnet"
          ]
        }
      ]
    },
    {
      "mode": "managed",
      "type": "google_compute_network",
      "name": "vpc",
      "provider": "provider[\"registry.terraform.io/hashicorp/google\"]",
      "instances": [
        {
          "schema_version": 0,
          "attributes": {
            "auto_create_subnetworks": false,
            "bgp_always_compare_med": false,
            "bgp_best_path_selection_mode": "LEGACY",
            "bgp_inter_region_cost": "",
            "delete_default_routes_on_create": false,
            "description": "",
            "enable_ula_internal_ipv6": false,
            "gateway_ipv4": "",
            "id": "projects/central-beach-194106/global/networks/abhi-rdi-vpc",
            "internal_ipv6_range": "",
            "mtu": 0,
            "name": "abhi-rdi-vpc",
            "network_firewall_policy_enforcement_order": "AFTER_CLASSIC_FIREWALL",
            "network_id": "3716799314435227741",
            "network_profile": "",
            "numeric_id": "3716799314435227741",
            "params": [],
            "project": "central-beach-194106",
            "routing_mode": "REGIONAL",
            "self_link": "https://www.googleapis.com/compute/v1/projects/central-beach-194106/global/networks/abhi-rdi-vpc",
            "timeouts": null
          },
          "sensitive_attributes": [],
          "private": "eyJlMmJmYjczMC1lY2FhLTExZTYtOGY4OC0zNDM2M2JjN2M0YzAiOnsiY3JlYXRlIjoxMjAwMDAwMDAwMDAwLCJkZWxldGUiOjEyMDAwMDAwMDAwMDAsInVwZGF0ZSI6MTIwMDAwMDAwMDAwMH19"
        }
      ]
    },
    {
      "mode": "managed",
      "type": "google_compute_subnetwork",
      "name": "subnet",
      "provider": "provider[\"registry.terraform.io/hashicorp/google\"]",
      "instances": [
        {
          "schema_version": 0,
          "attributes": {
            "creation_timestamp": "2025-10-26T13:04:17.153-07:00",
            "description": "",
            "external_ipv6_prefix": "",
            "fingerprint": null,
            "gateway_address": "10.0.1.1",
            "id": "projects/central-beach-194106/regions/asia-south1/subnetworks/abhi-rdi-subnet",
            "internal_ipv6_prefix": "",
            "ip_cidr_range": "10.0.1.0/24",
            "ip_collection": null,
            "ipv6_access_type": "",
            "ipv6_cidr_range": "",
            "ipv6_gce_endpoint": "",
            "log_config": [],
            "name": "abhi-rdi-subnet",
            "network": "https://www.googleapis.com/compute/v1/projects/central-beach-194106/global/networks/abhi-rdi-vpc",
            "params": [],
            "private_ip_google_access": false,
            "private_ipv6_google_access": "DISABLE_GOOGLE_ACCESS",
            "project": "central-beach-194106",
            "purpose": "PRIVATE",
            "region": "asia-south1",
            "reserved_internal_range": "",
            "role": "",
            "secondary_ip_range": [],
            "self_link": "https://www.googleapis.com/compute/v1/projects/central-beach-194106/regions/asia-south1/subnetworks/abhi-rdi-subnet",
            "send_secondary_ip_range_if_empty": null,
            "stack_type": "IPV4_ONLY",
            "state": "",
            "subnetwork_id": 2258498007220863022,
            "timeouts": null
          },
          "sensitive_attributes": [],
          "private": "eyJlMmJmYjczMC1lY2FhLTExZTYtOGY4OC0zNDM2M2JjN2M0YzAiOnsiY3JlYXRlIjoxMjAwMDAwMDAwMDAwLCJkZWxldGUiOjEyMDAwMDAwMDAwMDAsInVwZGF0ZSI6MTIwMDAwMDAwMDAwMH19",
          "dependencies": [
            "google_compute_network.vpc"
          ]
        }
      ]
    }
  ],
  "check_results": [
    {
      "object_kind": "var",
      "config_addr": "var.instance_count",
      "status": "pass",
      "objects": [
        {
          "object_addr": "var.instance_count",
          "status": "pass"
        }
      ]
    }
  ]
}
